// !$*UTF8*$!
{
	archiveVersion = 1;
	classes = {
	};
	objectVersion = 50;
	objects = {

/* Begin PBXBuildFile section */
		5E5A8E3A218C250B006DDA24 /* AppDelegate.m in Sources */ = {isa = PBXBuildFile; fileRef = 5E5A8E39218C250B006DDA24 /* AppDelegate.m */; };
		5E5A8E3D218C250B006DDA24 /* ViewController.m in Sources */ = {isa = PBXBuildFile; fileRef = 5E5A8E3C218C250B006DDA24 /* ViewController.m */; };
		5E5A8E40218C250B006DDA24 /* Main.storyboard in Resources */ = {isa = PBXBuildFile; fileRef = 5E5A8E3E218C250B006DDA24 /* Main.storyboard */; };
		5E5A8E42218C250B006DDA24 /* Assets.xcassets in Resources */ = {isa = PBXBuildFile; fileRef = 5E5A8E41218C250B006DDA24 /* Assets.xcassets */; };
		5E5A8E45218C250B006DDA24 /* LaunchScreen.storyboard in Resources */ = {isa = PBXBuildFile; fileRef = 5E5A8E43218C250B006DDA24 /* LaunchScreen.storyboard */; };
		5E5A8E48218C250B006DDA24 /* main.m in Sources */ = {isa = PBXBuildFile; fileRef = 5E5A8E47218C250B006DDA24 /* main.m */; };
		5E5A8E52218C250B006DDA24 /* FactoryPatternExampleTests.m in Sources */ = {isa = PBXBuildFile; fileRef = 5E5A8E51218C250B006DDA24 /* FactoryPatternExampleTests.m */; };
		5E5A8E5D218C250B006DDA24 /* FactoryPatternExampleUITests.m in Sources */ = {isa = PBXBuildFile; fileRef = 5E5A8E5C218C250B006DDA24 /* FactoryPatternExampleUITests.m */; };
/* End PBXBuildFile section */

/* Begin PBXContainerItemProxy section */
		5E5A8E4E218C250B006DDA24 /* PBXContainerItemProxy */ = {
			isa = PBXContainerItemProxy;
			containerPortal = 5E5A8E2D218C250B006DDA24 /* Project object */;
			proxyType = 1;
			remoteGlobalIDString = 5E5A8E34218C250B006DDA24;
			remoteInfo = FactoryPatternExample;
		};
		5E5A8E59218C250B006DDA24 /* PBXContainerItemProxy */ = {
			isa = PBXContainerItemProxy;
			containerPortal = 5E5A8E2D218C250B006DDA24 /* Project object */;
			proxyType = 1;
			remoteGlobalIDString = 5E5A8E34218C250B006DDA24;
			remoteInfo = FactoryPatternExample;
		};
/* End PBXContainerItemProxy section */

/* Begin PBXFileReference section */
		5E5A8E35218C250B006DDA24 /* FactoryPatternExample.app */ = {isa = PBXFileReference; explicitFileType = wrapper.application; includeInIndex = 0; path = FactoryPatternExample.app; sourceTree = BUILT_PRODUCTS_DIR; };
		5E5A8E38218C250B006DDA24 /* AppDelegate.h */ = {isa = PBXFileReference; lastKnownFileType = sourcecode.c.h; path = AppDelegate.h; sourceTree = "<group>"; };
		5E5A8E39218C250B006DDA24 /* AppDelegate.m */ = {isa = PBXFileReference; lastKnownFileType = sourcecode.c.objc; path = AppDelegate.m; sourceTree = "<group>"; };
		5E5A8E3B218C250B006DDA24 /* ViewController.h */ = {isa = PBXFileReference; lastKnownFileType = sourcecode.c.h; path = ViewController.h; sourceTree = "<group>"; };
		5E5A8E3C218C250B006DDA24 /* ViewController.m */ = {isa = PBXFileReference; lastKnownFileType = sourcecode.c.objc; path = ViewController.m; sourceTree = "<group>"; };
		5E5A8E3F218C250B006DDA24 /* Base */ = {isa = PBXFileReference; lastKnownFileType = file.storyboard; name = Base; path = Base.lproj/Main.storyboard; sourceTree = "<group>"; };
		5E5A8E41218C250B006DDA24 /* Assets.xcassets */ = {isa = PBXFileReference; lastKnownFileType = folder.assetcatalog; path = Assets.xcassets; sourceTree = "<group>"; };
		5E5A8E44218C250B006DDA24 /* Base */ = {isa = PBXFileReference; lastKnownFileType = file.storyboard; name = Base; path = Base.lproj/LaunchScreen.storyboard; sourceTree = "<group>"; };
		5E5A8E46218C250B006DDA24 /* Info.plist */ = {isa = PBXFileReference; lastKnownFileType = text.plist.xml; path = Info.plist; sourceTree = "<group>"; };
		5E5A8E47218C250B006DDA24 /* main.m */ = {isa = PBXFileReference; lastKnownFileType = sourcecode.c.objc; path = main.m; sourceTree = "<group>"; };
		5E5A8E4D218C250B006DDA24 /* FactoryPatternExampleTests.xctest */ = {isa = PBXFileReference; explicitFileType = wrapper.cfbundle; includeInIndex = 0; path = FactoryPatternExampleTests.xctest; sourceTree = BUILT_PRODUCTS_DIR; };
		5E5A8E51218C250B006DDA24 /* FactoryPatternExampleTests.m */ = {isa = PBXFileReference; lastKnownFileType = sourcecode.c.objc; path = FactoryPatternExampleTests.m; sourceTree = "<group>"; };
		5E5A8E53218C250B006DDA24 /* Info.plist */ = {isa = PBXFileReference; lastKnownFileType = text.plist.xml; path = Info.plist; sourceTree = "<group>"; };
		5E5A8E58218C250B006DDA24 /* FactoryPatternExampleUITests.xctest */ = {isa = PBXFileReference; explicitFileType = wrapper.cfbundle; includeInIndex = 0; path = FactoryPatternExampleUITests.xctest; sourceTree = BUILT_PRODUCTS_DIR; };
		5E5A8E5C218C250B006DDA24 /* FactoryPatternExampleUITests.m */ = {isa = PBXFileReference; lastKnownFileType = sourcecode.c.objc; path = FactoryPatternExampleUITests.m; sourceTree = "<group>"; };
		5E5A8E5E218C250B006DDA24 /* Info.plist */ = {isa = PBXFileReference; lastKnownFileType = text.plist.xml; path = Info.plist; sourceTree = "<group>"; };
/* End PBXFileReference section */

/* Begin PBXFrameworksBuildPhase section */
		5E5A8E32218C250B006DDA24 /* Frameworks */ = {
			isa = PBXFrameworksBuildPhase;
			buildActionMask = 2147483647;
			files = (
			);
			runOnlyForDeploymentPostprocessing = 0;
		};
		5E5A8E4A218C250B006DDA24 /* Frameworks */ = {
			isa = PBXFrameworksBuildPhase;
			buildActionMask = 2147483647;
			files = (
			);
			runOnlyForDeploymentPostprocessing = 0;
		};
		5E5A8E55218C250B006DDA24 /* Frameworks */ = {
			isa = PBXFrameworksBuildPhase;
			buildActionMask = 2147483647;
			files = (
			);
			runOnlyForDeploymentPostprocessing = 0;
		};
/* End PBXFrameworksBuildPhase section */

/* Begin PBXGroup section */
		5E5A8E2C218C250B006DDA24 = {
			isa = PBXGroup;
			children = (
				5E5A8E37218C250B006DDA24 /* FactoryPatternExample */,
				5E5A8E50218C250B006DDA24 /* FactoryPatternExampleTests */,
				5E5A8E5B218C250B006DDA24 /* FactoryPatternExampleUITests */,
				5E5A8E36218C250B006DDA24 /* Products */,
			);
			sourceTree = "<group>";
		};
		5E5A8E36218C250B006DDA24 /* Products */ = {
			isa = PBXGroup;
			children = (
				5E5A8E35218C250B006DDA24 /* FactoryPatternExample.app */,
				5E5A8E4D218C250B006DDA24 /* FactoryPatternExampleTests.xctest */,
				5E5A8E58218C250B006DDA24 /* FactoryPatternExampleUITests.xctest */,
			);
			name = Products;
			sourceTree = "<group>";
		};
		5E5A8E37218C250B006DDA24 /* FactoryPatternExample */ = {
			isa = PBXGroup;
			children = (
				5E5A8E38218C250B006DDA24 /* AppDelegate.h */,
				5E5A8E39218C250B006DDA24 /* AppDelegate.m */,
				5E5A8E3B218C250B006DDA24 /* ViewController.h */,
				5E5A8E3C218C250B006DDA24 /* ViewController.m */,
				5E5A8E3E218C250B006DDA24 /* Main.storyboard */,
				5E5A8E41218C250B006DDA24 /* Assets.xcassets */,
				5E5A8E43218C250B006DDA24 /* LaunchScreen.storyboard */,
				5E5A8E46218C250B006DDA24 /* Info.plist */,
				5E5A8E47218C250B006DDA24 /* main.m */,
			);
			path = FactoryPatternExample;
			sourceTree = "<group>";
		};
		5E5A8E50218C250B006DDA24 /* FactoryPatternExampleTests */ = {
			isa = PBXGroup;
			children = (
				5E5A8E51218C250B006DDA24 /* FactoryPatternExampleTests.m */,
				5E5A8E53218C250B006DDA24 /* Info.plist */,
			);
			path = FactoryPatternExampleTests;
			sourceTree = "<group>";
		};
		5E5A8E5B218C250B006DDA24 /* FactoryPatternExampleUITests */ = {
			isa = PBXGroup;
			children = (
				5E5A8E5C218C250B006DDA24 /* FactoryPatternExampleUITests.m */,
				5E5A8E5E218C250B006DDA24 /* Info.plist */,
			);
			path = FactoryPatternExampleUITests;
			sourceTree = "<group>";
		};
/* End PBXGroup section */

/* Begin PBXNativeTarget section */
		5E5A8E34218C250B006DDA24 /* FactoryPatternExample */ = {
			isa = PBXNativeTarget;
			buildConfigurationList = 5E5A8E61218C250B006DDA24 /* Build configuration list for PBXNativeTarget "FactoryPatternExample" */;
			buildPhases = (
				5E5A8E31218C250B006DDA24 /* Sources */,
				5E5A8E32218C250B006DDA24 /* Frameworks */,
				5E5A8E33218C250B006DDA24 /* Resources */,
			);
			buildRules = (
			);
			dependencies = (
			);
			name = FactoryPatternExample;
			productName = FactoryPatternExample;
			productReference = 5E5A8E35218C250B006DDA24 /* FactoryPatternExample.app */;
			productType = "com.apple.product-type.application";
		};
		5E5A8E4C218C250B006DDA24 /* FactoryPatternExampleTests */ = {
			isa = PBXNativeTarget;
			buildConfigurationList = 5E5A8E64218C250B006DDA24 /* Build configuration list for PBXNativeTarget "FactoryPatternExampleTests" */;
			buildPhases = (
				5E5A8E49218C250B006DDA24 /* Sources */,
				5E5A8E4A218C250B006DDA24 /* Frameworks */,
				5E5A8E4B218C250B006DDA24 /* Resources */,
			);
			buildRules = (
			);
			dependencies = (
				5E5A8E4F218C250B006DDA24 /* PBXTargetDependency */,
			);
			name = FactoryPatternExampleTests;
			productName = FactoryPatternExampleTests;
			productReference = 5E5A8E4D218C250B006DDA24 /* FactoryPatternExampleTests.xctest */;
			productType = "com.apple.product-type.bundle.unit-test";
		};
		5E5A8E57218C250B006DDA24 /* FactoryPatternExampleUITests */ = {
			isa = PBXNativeTarget;
			buildConfigurationList = 5E5A8E67218C250B006DDA24 /* Build configuration list for PBXNativeTarget "FactoryPatternExampleUITests" */;
			buildPhases = (
				5E5A8E54218C250B006DDA24 /* Sources */,
				5E5A8E55218C250B006DDA24 /* Frameworks */,
				5E5A8E56218C250B006DDA24 /* Resources */,
			);
			buildRules = (
			);
			dependencies = (
				5E5A8E5A218C250B006DDA24 /* PBXTargetDependency */,
			);
			name = FactoryPatternExampleUITests;
			productName = FactoryPatternExampleUITests;
			productReference = 5E5A8E58218C250B006DDA24 /* FactoryPatternExampleUITests.xctest */;
			productType = "com.apple.product-type.bundle.ui-testing";
		};
/* End PBXNativeTarget section */

/* Begin PBXProject section */
		5E5A8E2D218C250B006DDA24 /* Project object */ = {
			isa = PBXProject;
			attributes = {
				LastUpgradeCheck = 0940;
				ORGANIZATIONNAME = TianYan_AppTeam_TBL;
				TargetAttributes = {
					5E5A8E34218C250B006DDA24 = {
						CreatedOnToolsVersion = 9.4.1;
					};
					5E5A8E4C218C250B006DDA24 = {
						CreatedOnToolsVersion = 9.4.1;
						TestTargetID = 5E5A8E34218C250B006DDA24;
					};
					5E5A8E57218C250B006DDA24 = {
						CreatedOnToolsVersion = 9.4.1;
						TestTargetID = 5E5A8E34218C250B006DDA24;
					};
				};
			};
			buildConfigurationList = 5E5A8E30218C250B006DDA24 /* Build configuration list for PBXProject "FactoryPatternExample" */;
			compatibilityVersion = "Xcode 9.3";
			developmentRegion = en;
			hasScannedForEncodings = 0;
			knownRegions = (
				en,
				Base,
			);
			mainGroup = 5E5A8E2C218C250B006DDA24;
			productRefGroup = 5E5A8E36218C250B006DDA24 /* Products */;
			projectDirPath = "";
			projectRoot = "";
			targets = (
				5E5A8E34218C250B006DDA24 /* FactoryPatternExample */,
				5E5A8E4C218C250B006DDA24 /* FactoryPatternExampleTests */,
				5E5A8E57218C250B006DDA24 /* FactoryPatternExampleUITests */,
			);
		};
/* End PBXProject section */

/* Begin PBXResourcesBuildPhase section */
		5E5A8E33218C250B006DDA24 /* Resources */ = {
			isa = PBXResourcesBuildPhase;
			buildActionMask = 2147483647;
			files = (
				5E5A8E45218C250B006DDA24 /* LaunchScreen.storyboard in Resources */,
				5E5A8E42218C250B006DDA24 /* Assets.xcassets in Resources */,
				5E5A8E40218C250B006DDA24 /* Main.storyboard in Resources */,
			);
			runOnlyForDeploymentPostprocessing = 0;
		};
		5E5A8E4B218C250B006DDA24 /* Resources */ = {
			isa = PBXResourcesBuildPhase;
			buildActionMask = 2147483647;
			files = (
			);
			runOnlyForDeploymentPostprocessing = 0;
		};
		5E5A8E56218C250B006DDA24 /* Resources */ = {
			isa = PBXResourcesBuildPhase;
			buildActionMask = 2147483647;
			files = (
			);
			runOnlyForDeploymentPostprocessing = 0;
		};
/* End PBXResourcesBuildPhase section */

/* Begin PBXSourcesBuildPhase section */
		5E5A8E31218C250B006DDA24 /* Sources */ = {
			isa = PBXSourcesBuildPhase;
			buildActionMask = 2147483647;
			files = (
				5E5A8E3D218C250B006DDA24 /* ViewController.m in Sources */,
				5E5A8E48218C250B006DDA24 /* main.m in Sources */,
				5E5A8E3A218C250B006DDA24 /* AppDelegate.m in Sources */,
			);
			runOnlyForDeploymentPostprocessing = 0;
		};
		5E5A8E49218C250B006DDA24 /* Sources */ = {
			isa = PBXSourcesBuildPhase;
			buildActionMask = 2147483647;
			files = (
				5E5A8E52218C250B006DDA24 /* FactoryPatternExampleTests.m in Sources */,
			);
			runOnlyForDeploymentPostprocessing = 0;
		};
		5E5A8E54218C250B006DDA24 /* Sources */ = {
			isa = PBXSourcesBuildPhase;
			buildActionMask = 2147483647;
			files = (
				5E5A8E5D218C250B006DDA24 /* FactoryPatternExampleUITests.m in Sources */,
			);
			runOnlyForDeploymentPostprocessing = 0;
		};
/* End PBXSourcesBuildPhase section */

/* Begin PBXTargetDependency section */
		5E5A8E4F218C250B006DDA24 /* PBXTargetDependency */ = {
			isa = PBXTargetDependency;
			target = 5E5A8E34218C250B006DDA24 /* FactoryPatternExample */;
			targetProxy = 5E5A8E4E218C250B006DDA24 /* PBXContainerItemProxy */;
		};
		5E5A8E5A218C250B006DDA24 /* PBXTargetDependency */ = {
			isa = PBXTargetDependency;
			target = 5E5A8E34218C250B006DDA24 /* FactoryPatternExample */;
			targetProxy = 5E5A8E59218C250B006DDA24 /* PBXContainerItemProxy */;
		};
/* End PBXTargetDependency section */

/* Begin PBXVariantGroup section */
		5E5A8E3E218C250B006DDA24 /* Main.storyboard */ = {
			isa = PBXVariantGroup;
			children = (
				5E5A8E3F218C250B006DDA24 /* Base */,
			);
			name = Main.storyboard;
			sourceTree = "<group>";
		};
		5E5A8E43218C250B006DDA24 /* LaunchScreen.storyboard */ = {
			isa = PBXVariantGroup;
			children = (
				5E5A8E44218C250B006DDA24 /* Base */,
			);
			name = LaunchScreen.storyboard;
			sourceTree = "<group>";
		};
/* End PBXVariantGroup section */

/* Begin XCBuildConfiguration section */
		5E5A8E5F218C250B006DDA24 /* Debug */ = {
			isa = XCBuildConfiguration;
			buildSettings = {
				ALWAYS_SEARCH_USER_PATHS = NO;
				CLANG_ANALYZER_NONNULL = YES;
				CLANG_ANALYZER_NUMBER_OBJECT_CONVERSION = YES_AGGRESSIVE;
				CLANG_CXX_LANGUAGE_STANDARD = "gnu++14";
				CLANG_CXX_LIBRARY = "libc++";
				CLANG_ENABLE_MODULES = YES;
				CLANG_ENABLE_OBJC_ARC = YES;
				CLANG_ENABLE_OBJC_WEAK = YES;
				CLANG_WARN_BLOCK_CAPTURE_AUTORELEASING = YES;
				CLANG_WARN_BOOL_CONVERSION = YES;
				CLANG_WARN_COMMA = YES;
				CLANG_WARN_CONSTANT_CONVERSION = YES;
				CLANG_WARN_DEPRECATED_OBJC_IMPLEMENTATIONS = YES;
				CLANG_WARN_DIRECT_OBJC_ISA_USAGE = YES_ERROR;
				CLANG_WARN_DOCUMENTATION_COMMENTS = YES;
				CLANG_WARN_EMPTY_BODY = YES;
				CLANG_WARN_ENUM_CONVERSION = YES;
				CLANG_WARN_INFINITE_RECURSION = YES;
				CLANG_WARN_INT_CONVERSION = YES;
				CLANG_WARN_NON_LITERAL_NULL_CONVERSION = YES;
				CLANG_WARN_OBJC_IMPLICIT_RETAIN_SELF = YES;
				CLANG_WARN_OBJC_LITERAL_CONVERSION = YES;
				CLANG_WARN_OBJC_ROOT_CLASS = YES_ERROR;
				CLANG_WARN_RANGE_LOOP_ANALYSIS = YES;
				CLANG_WARN_STRICT_PROTOTYPES = YES;
				CLANG_WARN_SUSPICIOUS_MOVE = YES;
				CLANG_WARN_UNGUARDED_AVAILABILITY = YES_AGGRESSIVE;
				CLANG_WARN_UNREACHABLE_CODE = YES;
				CLANG_WARN__DUPLICATE_METHOD_MATCH = YES;
				CODE_SIGN_IDENTITY = "iPhone Developer";
				COPY_PHASE_STRIP = NO;
				DEBUG_INFORMATION_FORMAT = dwarf;
				ENABLE_STRICT_OBJC_MSGSEND = YES;
				ENABLE_TESTABILITY = YES;
				GCC_C_LANGUAGE_STANDARD = gnu11;
				GCC_DYNAMIC_NO_PIC = NO;
				GCC_NO_COMMON_BLOCKS = YES;
				GCC_OPTIMIZATION_LEVEL = 0;
				GCC_PREPROCESSOR_DEFINITIONS = (
					"DEBUG=1",
					"$(inherited)",
				);
				GCC_WARN_64_TO_32_BIT_CONVERSION = YES;
				GCC_WARN_ABOUT_RETURN_TYPE = YES_ERROR;
				GCC_WARN_UNDECLARED_SELECTOR = YES;
				GCC_WARN_UNINITIALIZED_AUTOS = YES_AGGRESSIVE;
				GCC_WARN_UNUSED_FUNCTION = YES;
				GCC_WARN_UNUSED_VARIABLE = YES;
				IPHONEOS_DEPLOYMENT_TARGET = 11.4;
				MTL_ENABLE_DEBUG_INFO = YES;
				ONLY_ACTIVE_ARCH = YES;
				SDKROOT = iphoneos;
			};
			name = Debug;
		};
		5E5A8E60218C250B006DDA24 /* Release */ = {
			isa = XCBuildConfiguration;
			buildSettings = {
				ALWAYS_SEARCH_USER_PATHS = NO;
				CLANG_ANALYZER_NONNULL = YES;
				CLANG_ANALYZER_NUMBER_OBJECT_CONVERSION = YES_AGGRESSIVE;
				CLANG_CXX_LANGUAGE_STANDARD = "gnu++14";
				CLANG_CXX_LIBRARY = "libc++";
				CLANG_ENABLE_MODULES = YES;
				CLANG_ENABLE_OBJC_ARC = YES;
				CLANG_ENABLE_OBJC_WEAK = YES;
				CLANG_WARN_BLOCK_CAPTURE_AUTORELEASING = YES;
				CLANG_WARN_BOOL_CONVERSION = YES;
				CLANG_WARN_COMMA = YES;
				CLANG_WARN_CONSTANT_CONVERSION = YES;
				CLANG_WARN_DEPRECATED_OBJC_IMPLEMENTATIONS = YES;
				CLANG_WARN_DIRECT_OBJC_ISA_USAGE = YES_ERROR;
				CLANG_WARN_DOCUMENTATION_COMMENTS = YES;
				CLANG_WARN_EMPTY_BODY = YES;
				CLANG_WARN_ENUM_CONVERSION = YES;
				CLANG_WARN_INFINITE_RECURSION = YES;
				CLANG_WARN_INT_CONVERSION = YES;
				CLANG_WARN_NON_LITERAL_NULL_CONVERSION = YES;
				CLANG_WARN_OBJC_IMPLICIT_RETAIN_SELF = YES;
				CLANG_WARN_OBJC_LITERAL_CONVERSION = YES;
				CLANG_WARN_OBJC_ROOT_CLASS = YES_ERROR;
				CLANG_WARN_RANGE_LOOP_ANALYSIS = YES;
				CLANG_WARN_STRICT_PROTOTYPES = YES;
				CLANG_WARN_SUSPICIOUS_MOVE = YES;
				CLANG_WARN_UNGUARDED_AVAILABILITY = YES_AGGRESSIVE;
				CLANG_WARN_UNREACHABLE_CODE = YES;
				CLANG_WARN__DUPLICATE_METHOD_MATCH = YES;
				CODE_SIGN_IDENTITY = "iPhone Developer";
				COPY_PHASE_STRIP = NO;
				DEBUG_INFORMATION_FORMAT = "dwarf-with-dsym";
				ENABLE_NS_ASSERTIONS = NO;
				ENABLE_STRICT_OBJC_MSGSEND = YES;
				GCC_C_LANGUAGE_STANDARD = gnu11;
				GCC_NO_COMMON_BLOCKS = YES;
				GCC_WARN_64_TO_32_BIT_CONVERSION = YES;
				GCC_WARN_ABOUT_RETURN_TYPE = YES_ERROR;
				GCC_WARN_UNDECLARED_SELECTOR = YES;
				GCC_WARN_UNINITIALIZED_AUTOS = YES_AGGRESSIVE;
				GCC_WARN_UNUSED_FUNCTION = YES;
				GCC_WARN_UNUSED_VARIABLE = YES;
				IPHONEOS_DEPLOYMENT_TARGET = 11.4;
				MTL_ENABLE_DEBUG_INFO = NO;
				SDKROOT = iphoneos;
				VALIDATE_PRODUCT = YES;
			};
			name = Release;
		};
		5E5A8E62218C250B006DDA24 /* Debug */ = {
			isa = XCBuildConfiguration;
			buildSettings = {
				ASSETCATALOG_COMPILER_APPICON_NAME = AppIcon;
				CODE_SIGN_STYLE = Automatic;
				DEVELOPMENT_TEAM = 5QJ3EL39MW;
				INFOPLIST_FILE = FactoryPatternExample/Info.plist;
				LD_RUNPATH_SEARCH_PATHS = (
					"$(inherited)",
					"@executable_path/Frameworks",
				);
				PRODUCT_BUNDLE_IDENTIFIER = "-.FactoryPatternExample";
				PRODUCT_NAME = "$(TARGET_NAME)";
				TARGETED_DEVICE_FAMILY = "1,2";
			};
			name = Debug;
		};
		5E5A8E63218C250B006DDA24 /* Release */ = {
			isa = XCBuildConfiguration;
			buildSettings = {
				ASSETCATALOG_COMPILER_APPICON_NAME = AppIcon;
				CODE_SIGN_STYLE = Automatic;
				DEVELOPMENT_TEAM = 5QJ3EL39MW;
				INFOPLIST_FILE = FactoryPatternExample/Info.plist;
				LD_RUNPATH_SEARCH_PATHS = (
					"$(inherited)",
					"@executable_path/Frameworks",
				);
				PRODUCT_BUNDLE_IDENTIFIER = "-.FactoryPatternExample";
				PRODUCT_NAME = "$(TARGET_NAME)";
				TARGETED_DEVICE_FAMILY = "1,2";
			};
			name = Release;
		};
		5E5A8E65218C250B006DDA24 /* Debug */ = {
			isa = XCBuildConfiguration;
			buildSettings = {
				BUNDLE_LOADER = "$(TEST_HOST)";
				CODE_SIGN_STYLE = Automatic;
				DEVELOPMENT_TEAM = 5QJ3EL39MW;
				INFOPLIST_FILE = FactoryPatternExampleTests/Info.plist;
				LD_RUNPATH_SEARCH_PATHS = (
					"$(inherited)",
					"@executable_path/Frameworks",
					"@loader_path/Frameworks",
				);
				PRODUCT_BUNDLE_IDENTIFIER = "-.FactoryPatternExampleTests";
				PRODUCT_NAME = "$(TARGET_NAME)";
				TARGETED_DEVICE_FAMILY = "1,2";
				TEST_HOST = "$(BUILT_PRODUCTS_DIR)/FactoryPatternExample.app/FactoryPatternExample";
			};
			name = Debug;
		};
		5E5A8E66218C250B006DDA24 /* Release */ = {
			isa = XCBuildConfiguration;
			buildSettings = {
				BUNDLE_LOADER = "$(TEST_HOST)";
				CODE_SIGN_STYLE = Automatic;
				DEVELOPMENT_TEAM = 5QJ3EL39MW;
				INFOPLIST_FILE = FactoryPatternExampleTests/Info.plist;
				LD_RUNPATH_SEARCH_PATHS = (
					"$(inherited)",
					"@executable_path/Frameworks",
					"@loader_path/Frameworks",
				);
				PRODUCT_BUNDLE_IDENTIFIER = "-.FactoryPatternExampleTests";
				PRODUCT_NAME = "$(TARGET_NAME)";
				TARGETED_DEVICE_FAMILY = "1,2";
				TEST_HOST = "$(BUILT_PRODUCTS_DIR)/FactoryPatternExample.app/FactoryPatternExample";
			};
			name = Release;
		};
		5E5A8E68218C250B006DDA24 /* Debug */ = {
			isa = XCBuildConfiguration;
			buildSettings = {
				CODE_SIGN_STYLE = Automatic;
				DEVELOPMENT_TEAM = 5QJ3EL39MW;
				INFOPLIST_FILE = FactoryPatternExampleUITests/Info.plist;
				LD_RUNPATH_SEARCH_PATHS = (
					"$(inherited)",
					"@executable_path/Frameworks",
					"@loader_path/Frameworks",
				);
				PRODUCT_BUNDLE_IDENTIFIER = "-.FactoryPatternExampleUITests";
				PRODUCT_NAME = "$(TARGET_NAME)";
				TARGETED_DEVICE_FAMILY = "1,2";
				TEST_TARGET_NAME = FactoryPatternExample;
			};
			name = Debug;
		};
		5E5A8E69218C250B006DDA24 /* Release */ = {
			isa = XCBuildConfiguration;
			buildSettings = {
				CODE_SIGN_STYLE = Automatic;
				DEVELOPMENT_TEAM = 5QJ3EL39MW;
				INFOPLIST_FILE = FactoryPatternExampleUITests/Info.plist;
				LD_RUNPATH_SEARCH_PATHS = (
					"$(inherited)",
					"@executable_path/Frameworks",
					"@loader_path/Frameworks",
				);
				PRODUCT_BUNDLE_IDENTIFIER = "-.FactoryPatternExampleUITests";
				PRODUCT_NAME = "$(TARGET_NAME)";
				TARGETED_DEVICE_FAMILY = "1,2";
				TEST_TARGET_NAME = FactoryPatternExample;
			};
			name = Release;
		};
/* End XCBuildConfiguration section */

/* Begin XCConfigurationList section */
		5E5A8E30218C250B006DDA24 /* Build configuration list for PBXProject "FactoryPatternExample" */ = {
			isa = XCConfigurationList;
			buildConfigurations = (
				5E5A8E5F218C250B006DDA24 /* Debug */,
				5E5A8E60218C250B006DDA24 /* Release */,
			);
			defaultConfigurationIsVisible = 0;
			defaultConfigurationName = Release;
		};
		5E5A8E61218C250B006DDA24 /* Build configuration list for PBXNativeTarget "FactoryPatternExample" */ = {
			isa = XCConfigurationList;
			buildConfigurations = (
				5E5A8E62218C250B006DDA24 /* Debug */,
				5E5A8E63218C250B006DDA24 /* Release */,
			);
			defaultConfigurationIsVisible = 0;
			defaultConfigurationName = Release;
		};
		5E5A8E64218C250B006DDA24 /* Build configuration list for PBXNativeTarget "FactoryPatternExampleTests" */ = {
			isa = XCConfigurationList;
			buildConfigurations = (
				5E5A8E65218C250B006DDA24 /* Debug */,
				5E5A8E66218C250B006DDA24 /* Release */,
			);
			defaultConfigurationIsVisible = 0;
			defaultConfigurationName = Release;
		};
		5E5A8E67218C250B006DDA24 /* Build configuration list for PBXNativeTarget "FactoryPatternExampleUITests" */ = {
			isa = XCConfigurationList;
			buildConfigurations = (
				5E5A8E68218C250B006DDA24 /* Debug */,
				5E5A8E69218C250B006DDA24 /* Release */,
			);
			defaultConfigurationIsVisible = 0;
			defaultConfigurationName = Release;
		};
/* End XCConfigurationList section */
	};
	rootObject = 5E5A8E2D218C250B006DDA24 /* Project object */;
}
